
Microsoft Visual Studio Solution File, Format Version 12.00
# Visual Studio Version 17
VisualStudioVersion = 17.5.33530.505
MinimumVisualStudioVersion = 10.0.40219.1
Project("{FAE04EC0-301F-11D3-BF4B-00C04F79EFBC}") = "HelloWorld", "HelloWorld\HelloWorld.csproj", "{6B107C48-8E43-4D36-9724-999B3029FDA5}"
EndProject
Global
	GlobalSection(SolutionConfigurationPlatforms) = preSolution
		Debug|Any CPU = Debug|Any CPU
		Release|Any CPU = Release|Any CPU
	EndGlobalSection
	GlobalSection(ProjectConfigurationPlatforms) = postSolution
		{6B107C48-8E43-4D36-9724-999B3029FDA5}.Debug|Any CPU.ActiveCfg = Debug|Any CPU
		{6B107C48-8E43-4D36-9724-999B3029FDA5}.Debug|Any CPU.Build.0 = Debug|Any CPU
		{6B107C48-8E43-4D36-9724-999B3029FDA5}.Release|Any CPU.ActiveCfg = Release|Any CPU
		{6B107C48-8E43-4D36-9724-999B3029FDA5}.Release|Any CPU.Build.0 = Release|Any CPU
	EndGlobalSection
	GlobalSection(SolutionProperties) = preSolution
		HideSolutionNode = FALSE
	EndGlobalSection
	GlobalSection(ExtensibilityGlobals) = postSolution
		SolutionGuid = {703BBA23-ABE6-4ADF-95C5-64549A479455}
	EndGlobalSection
EndGlobal
